// !$*UTF8*$!
{
	archiveVersion = 1;
	classes = {
	};
	objectVersion = 46;
	objects = {

/* Begin PBXBuildFile section */
		04FECE221DC0DBDD009D0E2B /* es.c in Sources */ = {isa = PBXBuildFile; fileRef = 04FECE211DC0DBDD009D0E2B /* es.c */; };
/* End PBXBuildFile section */

/* Begin PBXCopyFilesBuildPhase section */
		04FECE1C1DC0DBDD009D0E2B /* CopyFiles */ = {
			isa = PBXCopyFilesBuildPhase;
			buildActionMask = 2147483647;
			dstPath = /usr/share/man/man1/;
			dstSubfolderSpec = 0;
			files = (
			);
			runOnlyForDeploymentPostprocessing = 1;
		};
/* End PBXCopyFilesBuildPhase section */

/* Begin PBXFileReference section */
		04FECE1E1DC0DBDD009D0E2B /* Esercizi 26-08-16 */ = {isa = PBXFileReference; explicitFileType = "compiled.mach-o.executable"; includeInIndex = 0; path = "Esercizi 26-08-16"; sourceTree = BUILT_PRODUCTS_DIR; };
		04FECE211DC0DBDD009D0E2B /* es.c */ = {isa = PBXFileReference; lastKnownFileType = sourcecode.c.c; path = es.c; sourceTree = "<group>"; };
/* End PBXFileReference section */

/* Begin PBXFrameworksBuildPhase section */
		04FECE1B1DC0DBDD009D0E2B /* Frameworks */ = {
			isa = PBXFrameworksBuildPhase;
			buildActionMask = 2147483647;
			files = (
			);
			runOnlyForDeploymentPostprocessing = 0;
		};
/* End PBXFrameworksBuildPhase section */

/* Begin PBXGroup section */
		04FECE151DC0DBDD009D0E2B = {
			isa = PBXGroup;
			children = (
				04FECE201DC0DBDD009D0E2B /* Esercizi 26-08-16 */,
				04FECE1F1DC0DBDD009D0E2B /* Products */,
			);
			sourceTree = "<group>";
		};
		04FECE1F1DC0DBDD009D0E2B /* Products */ = {
			isa = PBXGroup;
			children = (
				04FECE1E1DC0DBDD009D0E2B /* Esercizi 26-08-16 */,
			);
			name = Products;
			sourceTree = "<group>";
		};
		04FECE201DC0DBDD009D0E2B /* Esercizi 26-08-16 */ = {
			isa = PBXGroup;
			children = (
				04FECE211DC0DBDD009D0E2B /* es.c */,
			);
			path = "Esercizi 26-08-16";
			sourceTree = "<group>";
		};
/* End PBXGroup section */

/* Begin PBXNativeTarget section */
		04FECE1D1DC0DBDD009D0E2B /* Esercizi 26-08-16 */ = {
			isa = PBXNativeTarget;
			buildConfigurationList = 04FECE251DC0DBDD009D0E2B /* Build configuration list for PBXNativeTarget "Esercizi 26-08-16" */;
			buildPhases = (
				04FECE1A1DC0DBDD009D0E2B /* Sources */,
				04FECE1B1DC0DBDD009D0E2B /* Frameworks */,
				04FECE1C1DC0DBDD009D0E2B /* CopyFiles */,
			);
			buildRules = (
			);
			dependencies = (
			);
			name = "Esercizi 26-08-16";
			productName = "Esercizi 26-08-16";
			productReference = 04FECE1E1DC0DBDD009D0E2B /* Esercizi 26-08-16 */;
			productType = "com.apple.product-type.tool";
		};
/* End PBXNativeTarget section */

/* Begin PBXProject section */
		04FECE161DC0DBDD009D0E2B /* Project object */ = {
			isa = PBXProject;
			attributes = {
				LastUpgradeCheck = 0800;
				ORGANIZATIONNAME = "Giacomo Osso";
				TargetAttributes = {
					04FECE1D1DC0DBDD009D0E2B = {
						CreatedOnToolsVersion = 8.0;
						DevelopmentTeam = G3854Z4687;
						ProvisioningStyle = Automatic;
					};
				};
			};
			buildConfigurationList = 04FECE191DC0DBDD009D0E2B /* Build configuration list for PBXProject "Esercizi 26-08-16" */;
			compatibilityVersion = "Xcode 3.2";
			developmentRegion = English;
			hasScannedForEncodings = 0;
			knownRegions = (
				en,
			);
			mainGroup = 04FECE151DC0DBDD009D0E2B;
			productRefGroup = 04FECE1F1DC0DBDD009D0E2B /* Products */;
			projectDirPath = "";
			projectRoot = "";
			targets = (
				04FECE1D1DC0DBDD009D0E2B /* Esercizi 26-08-16 */,
			);
		};
/* End PBXProject section */

/* Begin PBXSourcesBuildPhase section */
		04FECE1A1DC0DBDD009D0E2B /* Sources */ = {
			isa = PBXSourcesBuildPhase;
			buildActionMask = 2147483647;
			files = (
				04FECE221DC0DBDD009D0E2B /* es.c in Sources */,
			);
			runOnlyForDeploymentPostprocessing = 0;
		};
/* End PBXSourcesBuildPhase section */

/* Begin XCBuildConfiguration section */
		04FECE231DC0DBDD009D0E2B /* Debug */ = {
			isa = XCBuildConfiguration;
			buildSettings = {
				ALWAYS_SEARCH_USER_PATHS = NO;
				CLANG_ANALYZER_NONNULL = YES;
				CLANG_CXX_LANGUAGE_STANDARD = "gnu++0x";
				CLANG_CXX_LIBRARY = "libc++";
				CLANG_ENABLE_MODULES = YES;
				CLANG_ENABLE_OBJC_ARC = YES;
				CLANG_WARN_BOOL_CONVERSION = YES;
				CLANG_WARN_CONSTANT_CONVERSION = YES;
				CLANG_WARN_DIRECT_OBJC_ISA_USAGE = YES_ERROR;
				CLANG_WARN_DOCUMENTATION_COMMENTS = YES;
				CLANG_WARN_EMPTY_BODY = YES;
				CLANG_WARN_ENUM_CONVERSION = YES;
				CLANG_WARN_INFINITE_RECURSION = YES;
				CLANG_WARN_INT_CONVERSION = YES;
				CLANG_WARN_OBJC_ROOT_CLASS = YES_ERROR;
				CLANG_WARN_SUSPICIOUS_MOVES = YES;
				CLANG_WARN_UNREACHABLE_CODE = YES;
				CLANG_WARN__DUPLICATE_METHOD_MATCH = YES;
				CODE_SIGN_IDENTITY = "-";
				COPY_PHASE_STRIP = NO;
				DEBUG_INFORMATION_FORMAT = dwarf;
				ENABLE_STRICT_OBJC_MSGSEND = YES;
				ENABLE_TESTABILITY = YES;
				GCC_C_LANGUAGE_STANDARD = gnu99;
				GCC_DYNAMIC_NO_PIC = NO;
				GCC_NO_COMMON_BLOCKS = YES;
				GCC_OPTIMIZATION_LEVEL = 0;
				GCC_PREPROCESSOR_DEFINITIONS = (
					"DEBUG=1",
					"$(inherited)",
				);
				GCC_WARN_64_TO_32_BIT_CONVERSION = YES;
				GCC_WARN_ABOUT_RETURN_TYPE = YES_ERROR;
				GCC_WARN_UNDECLARED_SELECTOR = YES;
				GCC_WARN_UNINITIALIZED_AUTOS = YES_AGGRESSIVE;
				GCC_WARN_UNUSED_FUNCTION = YES;
				GCC_WARN_UNUSED_VARIABLE = YES;
				MACOSX_DEPLOYMENT_TARGET = 10.12;
				MTL_ENABLE_DEBUG_INFO = YES;
				ONLY_ACTIVE_ARCH = YES;
				SDKROOT = macosx;
			};
			name = Debug;
		};
		04FECE241DC0DBDD009D0E2B /* Release */ = {
			isa = XCBuildConfiguration;
			buildSettings = {
				ALWAYS_SEARCH_USER_PATHS = NO;
				CLANG_ANALYZER_NONNULL = YES;
				CLANG_CXX_LANGUAGE_STANDARD = "gnu++0x";
				CLANG_CXX_LIBRARY = "libc++";
				CLANG_ENABLE_MODULES = YES;
				CLANG_ENABLE_OBJC_ARC = YES;
				CLANG_WARN_BOOL_CONVERSION = YES;
				CLANG_WARN_CONSTANT_CONVERSION = YES;
				CLANG_WARN_DIRECT_OBJC_ISA_USAGE = YES_ERROR;
				CLANG_WARN_DOCUMENTATION_COMMENTS = YES;
				CLANG_WARN_EMPTY_BODY = YES;
				CLANG_WARN_ENUM_CONVERSION = YES;
				CLANG_WARN_INFINITE_RECURSION = YES;
				CLANG_WARN_INT_CONVERSION = YES;
				CLANG_WARN_OBJC_ROOT_CLASS = YES_ERROR;
				CLANG_WARN_SUSPICIOUS_MOVES = YES;
				CLANG_WARN_UNREACHABLE_CODE = YES;
				CLANG_WARN__DUPLICATE_METHOD_MATCH = YES;
				CODE_SIGN_IDENTITY = "-";
				COPY_PHASE_STRIP = NO;
				DEBUG_INFORMATION_FORMAT = "dwarf-with-dsym";
				ENABLE_NS_ASSERTIONS = NO;
				ENABLE_STRICT_OBJC_MSGSEND = YES;
				GCC_C_LANGUAGE_STANDARD = gnu99;
				GCC_NO_COMMON_BLOCKS = YES;
				GCC_WARN_64_TO_32_BIT_CONVERSION = YES;
				GCC_WARN_ABOUT_RETURN_TYPE = YES_ERROR;
				GCC_WARN_UNDECLARED_SELECTOR = YES;
				GCC_WARN_UNINITIALIZED_AUTOS = YES_AGGRESSIVE;
				GCC_WARN_UNUSED_FUNCTION = YES;
				GCC_WARN_UNUSED_VARIABLE = YES;
				MACOSX_DEPLOYMENT_TARGET = 10.12;
				MTL_ENABLE_DEBUG_INFO = NO;
				SDKROOT = macosx;
			};
			name = Release;
		};
		04FECE261DC0DBDD009D0E2B /* Debug */ = {
			isa = XCBuildConfiguration;
			buildSettings = {
				DEVELOPMENT_TEAM = G3854Z4687;
				PRODUCT_NAME = "$(TARGET_NAME)";
			};
			name = Debug;
		};
		04FECE271DC0DBDD009D0E2B /* Release */ = {
			isa = XCBuildConfiguration;
			buildSettings = {
				DEVELOPMENT_TEAM = G3854Z4687;
				PRODUCT_NAME = "$(TARGET_NAME)";
			};
			name = Release;
		};
/* End XCBuildConfiguration section */

/* Begin XCConfigurationList section */
		04FECE191DC0DBDD009D0E2B /* Build configuration list for PBXProject "Esercizi 26-08-16" */ = {
			isa = XCConfigurationList;
			buildConfigurations = (
				04FECE231DC0DBDD009D0E2B /* Debug */,
				04FECE241DC0DBDD009D0E2B /* Release */,
			);
			defaultConfigurationIsVisible = 0;
			defaultConfigurationName = Release;
		};
		04FECE251DC0DBDD009D0E2B /* Build configuration list for PBXNativeTarget "Esercizi 26-08-16" */ = {
			isa = XCConfigurationList;
			buildConfigurations = (
				04FECE261DC0DBDD009D0E2B /* Debug */,
				04FECE271DC0DBDD009D0E2B /* Release */,
			);
			defaultConfigurationIsVisible = 0;
		};
/* End XCConfigurationList section */
	};
	rootObject = 04FECE161DC0DBDD009D0E2B /* Project object */;
}
